github.com/fatih/structtag v1.2.0 h1:/OdNE99OxoI/PqaW/SuSK9uxxT3f/tcSZgon/ssNSx4=
github.com/fatih/structtag v1.2.0/go.mod h1:mBJUNpUnHmRKrKlQQlmCrh5PuhftFbNv8Ys4/aAZl94=
github.com/vetcher/go-astra v1.2.0 h1:PimAuC1QDbkzw7tQ26JvTGqXbdeW7xVYfbj87YnXWXw=
github.com/vetcher/go-astra v1.2.0/go.mod h1:w+tZwvFo3O3gt4c/TGNVzVQZSlEykOJHt75yL/bLXUM=
